
Microsoft Visual Studio Solution File, Format Version 12.00
# Visual Studio Version 17
VisualStudioVersion = 17.1.32210.238
MinimumVisualStudioVersion = 10.0.40219.1
Project("{FAE04EC0-301F-11D3-BF4B-00C04F79EFBC}") = "CashHunt", "CashHunt\CashHunt.csproj", "{A59147FB-4921-4C6A-8C3E-A3C66040425B}"
EndProject
Global
	GlobalSection(SolutionConfigurationPlatforms) = preSolution
		Debug|Any CPU = Debug|Any CPU
		Release|Any CPU = Release|Any CPU
	EndGlobalSection
	GlobalSection(ProjectConfigurationPlatforms) = postSolution
		{A59147FB-4921-4C6A-8C3E-A3C66040425B}.Debug|Any CPU.ActiveCfg = Debug|Any CPU
		{A59147FB-4921-4C6A-8C3E-A3C66040425B}.Debug|Any CPU.Build.0 = Debug|Any CPU
		{A59147FB-4921-4C6A-8C3E-A3C66040425B}.Release|Any CPU.ActiveCfg = Release|Any CPU
		{A59147FB-4921-4C6A-8C3E-A3C66040425B}.Release|Any CPU.Build.0 = Release|Any CPU
	EndGlobalSection
	GlobalSection(SolutionProperties) = preSolution
		HideSolutionNode = FALSE
	EndGlobalSection
	GlobalSection(ExtensibilityGlobals) = postSolution
		SolutionGuid = {F2921C3B-1371-490E-88EB-6DF2BC7A938B}
	EndGlobalSection
EndGlobal
